Microsoft Visual Studio Solution File, Format Version 12.00
# Visual Studio Version 17
VisualStudioVersion = 17.5.2.0
MinimumVisualStudioVersion = 10.0.40219.1
Project("{FAE04EC0-301F-11D3-BF4B-00C04F79EFBC}") = "IoTBackend", "IoTBackend\IoTBackend.csproj", "{8DEF80DE-A528-5898-7C76-F15E6C1A85AF}"
EndProject
Global
	GlobalSection(SolutionConfigurationPlatforms) = preSolution
		Debug|Any CPU = Debug|Any CPU
		Release|Any CPU = Release|Any CPU
	EndGlobalSection
	GlobalSection(ProjectConfigurationPlatforms) = postSolution
		{8DEF80DE-A528-5898-7C76-F15E6C1A85AF}.Debug|Any CPU.ActiveCfg = Debug|Any CPU
		{8DEF80DE-A528-5898-7C76-F15E6C1A85AF}.Debug|Any CPU.Build.0 = Debug|Any CPU
		{8DEF80DE-A528-5898-7C76-F15E6C1A85AF}.Release|Any CPU.ActiveCfg = Release|Any CPU
		{8DEF80DE-A528-5898-7C76-F15E6C1A85AF}.Release|Any CPU.Build.0 = Release|Any CPU
	EndGlobalSection
	GlobalSection(SolutionProperties) = preSolution
		HideSolutionNode = FALSE
	EndGlobalSection
	GlobalSection(ExtensibilityGlobals) = postSolution
		SolutionGuid = {8AE15524-399B-49AC-A9C4-D48544A3BAC1}
	EndGlobalSection
EndGlobal
